// !$*UTF8*$!
{
	archiveVersion = 1;
	classes = {
	};
	objectVersion = 48;
	objects = {

/* Begin PBXBuildFile section */
		162E6EE633BA163603601F01 /* Pods_ig_cloneTests.framework in Frameworks */ = {isa = PBXBuildFile; fileRef = EE625EAE2AD9E8821C30A5F9 /* Pods_ig_cloneTests.framework */; };
		836245EB2027409F003F6D70 /* GoogleService-Info.plist in Resources */ = {isa = PBXBuildFile; fileRef = 836245EA2027409F003F6D70 /* GoogleService-Info.plist */; };
		836245EC20275882003F6D70 /* LaunchScreen.storyboard in Resources */ = {isa = PBXBuildFile; fileRef = 83E847E7202737BF0023CE9B /* LaunchScreen.storyboard */; };
		83B204402027822300D294EA /* SignUpViewController.swift in Sources */ = {isa = PBXBuildFile; fileRef = 83B2043F2027822300D294EA /* SignUpViewController.swift */; };
		83B204422027D16000D294EA /* HomeViewController.swift in Sources */ = {isa = PBXBuildFile; fileRef = 83B204412027D16000D294EA /* HomeViewController.swift */; };
		83B204442027E15200D294EA /* ProfileViewController.swift in Sources */ = {isa = PBXBuildFile; fileRef = 83B204432027E15200D294EA /* ProfileViewController.swift */; };
		83E847DF202737BF0023CE9B /* AppDelegate.swift in Sources */ = {isa = PBXBuildFile; fileRef = 83E847DE202737BF0023CE9B /* AppDelegate.swift */; };
		83E847E1202737BF0023CE9B /* ViewController.swift in Sources */ = {isa = PBXBuildFile; fileRef = 83E847E0202737BF0023CE9B /* ViewController.swift */; };
		83E847E4202737BF0023CE9B /* Main.storyboard in Resources */ = {isa = PBXBuildFile; fileRef = 83E847E2202737BF0023CE9B /* Main.storyboard */; };
		83E847E6202737BF0023CE9B /* Assets.xcassets in Resources */ = {isa = PBXBuildFile; fileRef = 83E847E5202737BF0023CE9B /* Assets.xcassets */; };
		83E847F4202737BF0023CE9B /* ig_cloneTests.swift in Sources */ = {isa = PBXBuildFile; fileRef = 83E847F3202737BF0023CE9B /* ig_cloneTests.swift */; };
		83E847FF202737BF0023CE9B /* ig_cloneUITests.swift in Sources */ = {isa = PBXBuildFile; fileRef = 83E847FE202737BF0023CE9B /* ig_cloneUITests.swift */; };
		BB91B8254584CFBFCFA6B2A6 /* Pods_ig_cloneUITests.framework in Frameworks */ = {isa = PBXBuildFile; fileRef = 99579C373E01E7FA9D75DDDB /* Pods_ig_cloneUITests.framework */; };
		FF636F8760876F9181B011E8 /* Pods_ig_clone.framework in Frameworks */ = {isa = PBXBuildFile; fileRef = 6975F72C18C26F7C8927AA57 /* Pods_ig_clone.framework */; };
/* End PBXBuildFile section */

/* Begin PBXContainerItemProxy section */
		83E847F0202737BF0023CE9B /* PBXContainerItemProxy */ = {
			isa = PBXContainerItemProxy;
			containerPortal = 83E847D3202737BF0023CE9B /* Project object */;
			proxyType = 1;
			remoteGlobalIDString = 83E847DA202737BF0023CE9B;
			remoteInfo = "ig-clone";
		};
		83E847FB202737BF0023CE9B /* PBXContainerItemProxy */ = {
			isa = PBXContainerItemProxy;
			containerPortal = 83E847D3202737BF0023CE9B /* Project object */;
			proxyType = 1;
			remoteGlobalIDString = 83E847DA202737BF0023CE9B;
			remoteInfo = "ig-clone";
		};
/* End PBXContainerItemProxy section */

/* Begin PBXFileReference section */
		0543EE8627BF375EBEEE360C /* Pods-ig-clone.release.xcconfig */ = {isa = PBXFileReference; includeInIndex = 1; lastKnownFileType = text.xcconfig; name = "Pods-ig-clone.release.xcconfig"; path = "Pods/Target Support Files/Pods-ig-clone/Pods-ig-clone.release.xcconfig"; sourceTree = "<group>"; };
		2BECC934938CDF1FCF291A2E /* Pods-ig-cloneUITests.release.xcconfig */ = {isa = PBXFileReference; includeInIndex = 1; lastKnownFileType = text.xcconfig; name = "Pods-ig-cloneUITests.release.xcconfig"; path = "Pods/Target Support Files/Pods-ig-cloneUITests/Pods-ig-cloneUITests.release.xcconfig"; sourceTree = "<group>"; };
		6975F72C18C26F7C8927AA57 /* Pods_ig_clone.framework */ = {isa = PBXFileReference; explicitFileType = wrapper.framework; includeInIndex = 0; path = Pods_ig_clone.framework; sourceTree = BUILT_PRODUCTS_DIR; };
		826C885BC7B96EE106F0A60E /* Pods-ig-cloneTests.debug.xcconfig */ = {isa = PBXFileReference; includeInIndex = 1; lastKnownFileType = text.xcconfig; name = "Pods-ig-cloneTests.debug.xcconfig"; path = "Pods/Target Support Files/Pods-ig-cloneTests/Pods-ig-cloneTests.debug.xcconfig"; sourceTree = "<group>"; };
		836245EA2027409F003F6D70 /* GoogleService-Info.plist */ = {isa = PBXFileReference; fileEncoding = 4; lastKnownFileType = text.plist.xml; name = "GoogleService-Info.plist"; path = "../../../../Downloads/GoogleService-Info.plist"; sourceTree = "<group>"; };
		83B2043F2027822300D294EA /* SignUpViewController.swift */ = {isa = PBXFileReference; lastKnownFileType = sourcecode.swift; path = SignUpViewController.swift; sourceTree = "<group>"; };
		83B204412027D16000D294EA /* HomeViewController.swift */ = {isa = PBXFileReference; lastKnownFileType = sourcecode.swift; path = HomeViewController.swift; sourceTree = "<group>"; };
		83B204432027E15200D294EA /* ProfileViewController.swift */ = {isa = PBXFileReference; lastKnownFileType = sourcecode.swift; path = ProfileViewController.swift; sourceTree = "<group>"; };
		83E847DB202737BF0023CE9B /* ig-clone.app */ = {isa = PBXFileReference; explicitFileType = wrapper.application; includeInIndex = 0; path = "ig-clone.app"; sourceTree = BUILT_PRODUCTS_DIR; };
		83E847DE202737BF0023CE9B /* AppDelegate.swift */ = {isa = PBXFileReference; lastKnownFileType = sourcecode.swift; path = AppDelegate.swift; sourceTree = "<group>"; };
		83E847E0202737BF0023CE9B /* ViewController.swift */ = {isa = PBXFileReference; lastKnownFileType = sourcecode.swift; path = ViewController.swift; sourceTree = "<group>"; };
		83E847E3202737BF0023CE9B /* Base */ = {isa = PBXFileReference; lastKnownFileType = file.storyboard; name = Base; path = Base.lproj/Main.storyboard; sourceTree = "<group>"; };
		83E847E5202737BF0023CE9B /* Assets.xcassets */ = {isa = PBXFileReference; lastKnownFileType = folder.assetcatalog; path = Assets.xcassets; sourceTree = "<group>"; };
		83E847E8202737BF0023CE9B /* Base */ = {isa = PBXFileReference; lastKnownFileType = file.storyboard; name = Base; path = Base.lproj/LaunchScreen.storyboard; sourceTree = "<group>"; };
		83E847EA202737BF0023CE9B /* Info.plist */ = {isa = PBXFileReference; lastKnownFileType = text.plist.xml; path = Info.plist; sourceTree = "<group>"; };
		83E847EF202737BF0023CE9B /* ig-cloneTests.xctest */ = {isa = PBXFileReference; explicitFileType = wrapper.cfbundle; includeInIndex = 0; path = "ig-cloneTests.xctest"; sourceTree = BUILT_PRODUCTS_DIR; };
		83E847F3202737BF0023CE9B /* ig_cloneTests.swift */ = {isa = PBXFileReference; lastKnownFileType = sourcecode.swift; path = ig_cloneTests.swift; sourceTree = "<group>"; };
		83E847F5202737BF0023CE9B /* Info.plist */ = {isa = PBXFileReference; lastKnownFileType = text.plist.xml; path = Info.plist; sourceTree = "<group>"; };
		83E847FA202737BF0023CE9B /* ig-cloneUITests.xctest */ = {isa = PBXFileReference; explicitFileType = wrapper.cfbundle; includeInIndex = 0; path = "ig-cloneUITests.xctest"; sourceTree = BUILT_PRODUCTS_DIR; };
		83E847FE202737BF0023CE9B /* ig_cloneUITests.swift */ = {isa = PBXFileReference; lastKnownFileType = sourcecode.swift; path = ig_cloneUITests.swift; sourceTree = "<group>"; };
		83E84800202737BF0023CE9B /* Info.plist */ = {isa = PBXFileReference; lastKnownFileType = text.plist.xml; path = Info.plist; sourceTree = "<group>"; };
		99579C373E01E7FA9D75DDDB /* Pods_ig_cloneUITests.framework */ = {isa = PBXFileReference; explicitFileType = wrapper.framework; includeInIndex = 0; path = Pods_ig_cloneUITests.framework; sourceTree = BUILT_PRODUCTS_DIR; };
		AF86FB70DDCB5EDACF648A5B /* Pods-ig-cloneUITests.debug.xcconfig */ = {isa = PBXFileReference; includeInIndex = 1; lastKnownFileType = text.xcconfig; name = "Pods-ig-cloneUITests.debug.xcconfig"; path = "Pods/Target Support Files/Pods-ig-cloneUITests/Pods-ig-cloneUITests.debug.xcconfig"; sourceTree = "<group>"; };
		C88ED36E0872CB4D0BDC5ACC /* Pods-ig-clone.debug.xcconfig */ = {isa = PBXFileReference; includeInIndex = 1; lastKnownFileType = text.xcconfig; name = "Pods-ig-clone.debug.xcconfig"; path = "Pods/Target Support Files/Pods-ig-clone/Pods-ig-clone.debug.xcconfig"; sourceTree = "<group>"; };
		ECEABAD378441459FC0A932D /* Pods-ig-cloneTests.release.xcconfig */ = {isa = PBXFileReference; includeInIndex = 1; lastKnownFileType = text.xcconfig; name = "Pods-ig-cloneTests.release.xcconfig"; path = "Pods/Target Support Files/Pods-ig-cloneTests/Pods-ig-cloneTests.release.xcconfig"; sourceTree = "<group>"; };
		EE625EAE2AD9E8821C30A5F9 /* Pods_ig_cloneTests.framework */ = {isa = PBXFileReference; explicitFileType = wrapper.framework; includeInIndex = 0; path = Pods_ig_cloneTests.framework; sourceTree = BUILT_PRODUCTS_DIR; };
/* End PBXFileReference section */

/* Begin PBXFrameworksBuildPhase section */
		83E847D8202737BF0023CE9B /* Frameworks */ = {
			isa = PBXFrameworksBuildPhase;
			buildActionMask = 2147483647;
			files = (
				FF636F8760876F9181B011E8 /* Pods_ig_clone.framework in Frameworks */,
			);
			runOnlyForDeploymentPostprocessing = 0;
		};
		83E847EC202737BF0023CE9B /* Frameworks */ = {
			isa = PBXFrameworksBuildPhase;
			buildActionMask = 2147483647;
			files = (
				162E6EE633BA163603601F01 /* Pods_ig_cloneTests.framework in Frameworks */,
			);
			runOnlyForDeploymentPostprocessing = 0;
		};
		83E847F7202737BF0023CE9B /* Frameworks */ = {
			isa = PBXFrameworksBuildPhase;
			buildActionMask = 2147483647;
			files = (
				BB91B8254584CFBFCFA6B2A6 /* Pods_ig_cloneUITests.framework in Frameworks */,
			);
			runOnlyForDeploymentPostprocessing = 0;
		};
/* End PBXFrameworksBuildPhase section */

/* Begin PBXGroup section */
		54B4C29354EC8FA0212BDD1E /* Frameworks */ = {
			isa = PBXGroup;
			children = (
				6975F72C18C26F7C8927AA57 /* Pods_ig_clone.framework */,
				EE625EAE2AD9E8821C30A5F9 /* Pods_ig_cloneTests.framework */,
				99579C373E01E7FA9D75DDDB /* Pods_ig_cloneUITests.framework */,
			);
			name = Frameworks;
			sourceTree = "<group>";
		};
		83E847D2202737BF0023CE9B = {
			isa = PBXGroup;
			children = (
				83E847DD202737BF0023CE9B /* ig-clone */,
				83E847F2202737BF0023CE9B /* ig-cloneTests */,
				83E847FD202737BF0023CE9B /* ig-cloneUITests */,
				83E847DC202737BF0023CE9B /* Products */,
				8AFD64704F7F387F30A96672 /* Pods */,
				54B4C29354EC8FA0212BDD1E /* Frameworks */,
			);
			sourceTree = "<group>";
		};
		83E847DC202737BF0023CE9B /* Products */ = {
			isa = PBXGroup;
			children = (
				83E847DB202737BF0023CE9B /* ig-clone.app */,
				83E847EF202737BF0023CE9B /* ig-cloneTests.xctest */,
				83E847FA202737BF0023CE9B /* ig-cloneUITests.xctest */,
			);
			name = Products;
			sourceTree = "<group>";
		};
		83E847DD202737BF0023CE9B /* ig-clone */ = {
			isa = PBXGroup;
			children = (
				83E847DE202737BF0023CE9B /* AppDelegate.swift */,
				83B204412027D16000D294EA /* HomeViewController.swift */,
				83B2043F2027822300D294EA /* SignUpViewController.swift */,
				83E847E0202737BF0023CE9B /* ViewController.swift */,
				83E847E2202737BF0023CE9B /* Main.storyboard */,
				83E847E5202737BF0023CE9B /* Assets.xcassets */,
				83E847E7202737BF0023CE9B /* LaunchScreen.storyboard */,
				836245EA2027409F003F6D70 /* GoogleService-Info.plist */,
				83E847EA202737BF0023CE9B /* Info.plist */,
				83B204432027E15200D294EA /* ProfileViewController.swift */,
			);
			path = "ig-clone";
			sourceTree = "<group>";
		};
		83E847F2202737BF0023CE9B /* ig-cloneTests */ = {
			isa = PBXGroup;
			children = (
				83E847F3202737BF0023CE9B /* ig_cloneTests.swift */,
				83E847F5202737BF0023CE9B /* Info.plist */,
			);
			path = "ig-cloneTests";
			sourceTree = "<group>";
		};
		83E847FD202737BF0023CE9B /* ig-cloneUITests */ = {
			isa = PBXGroup;
			children = (
				83E847FE202737BF0023CE9B /* ig_cloneUITests.swift */,
				83E84800202737BF0023CE9B /* Info.plist */,
			);
			path = "ig-cloneUITests";
			sourceTree = "<group>";
		};
		8AFD64704F7F387F30A96672 /* Pods */ = {
			isa = PBXGroup;
			children = (
				C88ED36E0872CB4D0BDC5ACC /* Pods-ig-clone.debug.xcconfig */,
				0543EE8627BF375EBEEE360C /* Pods-ig-clone.release.xcconfig */,
				826C885BC7B96EE106F0A60E /* Pods-ig-cloneTests.debug.xcconfig */,
				ECEABAD378441459FC0A932D /* Pods-ig-cloneTests.release.xcconfig */,
				AF86FB70DDCB5EDACF648A5B /* Pods-ig-cloneUITests.debug.xcconfig */,
				2BECC934938CDF1FCF291A2E /* Pods-ig-cloneUITests.release.xcconfig */,
			);
			name = Pods;
			sourceTree = "<group>";
		};
/* End PBXGroup section */

/* Begin PBXNativeTarget section */
		83E847DA202737BF0023CE9B /* ig-clone */ = {
			isa = PBXNativeTarget;
			buildConfigurationList = 83E84803202737BF0023CE9B /* Build configuration list for PBXNativeTarget "ig-clone" */;
			buildPhases = (
				CD2D74342564F33728CFCBFC /* [CP] Check Pods Manifest.lock */,
				83E847D7202737BF0023CE9B /* Sources */,
				83E847D8202737BF0023CE9B /* Frameworks */,
				83E847D9202737BF0023CE9B /* Resources */,
				C24DD0F3C229E7FCE68C9C63 /* [CP] Embed Pods Frameworks */,
				3AED278FABF0AFE6C16BCABB /* [CP] Copy Pods Resources */,
			);
			buildRules = (
			);
			dependencies = (
			);
			name = "ig-clone";
			productName = "ig-clone";
			productReference = 83E847DB202737BF0023CE9B /* ig-clone.app */;
			productType = "com.apple.product-type.application";
		};
		83E847EE202737BF0023CE9B /* ig-cloneTests */ = {
			isa = PBXNativeTarget;
			buildConfigurationList = 83E84806202737BF0023CE9B /* Build configuration list for PBXNativeTarget "ig-cloneTests" */;
			buildPhases = (
				F59A769900C4CBF84D5307D1 /* [CP] Check Pods Manifest.lock */,
				83E847EB202737BF0023CE9B /* Sources */,
				83E847EC202737BF0023CE9B /* Frameworks */,
				83E847ED202737BF0023CE9B /* Resources */,
				CE87C7375C98700C4D5A0FDB /* [CP] Embed Pods Frameworks */,
				47791BD47325121B7066DC4C /* [CP] Copy Pods Resources */,
			);
			buildRules = (
			);
			dependencies = (
				83E847F1202737BF0023CE9B /* PBXTargetDependency */,
			);
			name = "ig-cloneTests";
			productName = "ig-cloneTests";
			productReference = 83E847EF202737BF0023CE9B /* ig-cloneTests.xctest */;
			productType = "com.apple.product-type.bundle.unit-test";
		};
		83E847F9202737BF0023CE9B /* ig-cloneUITests */ = {
			isa = PBXNativeTarget;
			buildConfigurationList = 83E84809202737BF0023CE9B /* Build configuration list for PBXNativeTarget "ig-cloneUITests" */;
			buildPhases = (
				4F786E9EC8F33B99368EBFA8 /* [CP] Check Pods Manifest.lock */,
				83E847F6202737BF0023CE9B /* Sources */,
				83E847F7202737BF0023CE9B /* Frameworks */,
				83E847F8202737BF0023CE9B /* Resources */,
				EA48906F41B6F891916F6FC8 /* [CP] Embed Pods Frameworks */,
				58E0B225B0DA249E4EDD0B42 /* [CP] Copy Pods Resources */,
			);
			buildRules = (
			);
			dependencies = (
				83E847FC202737BF0023CE9B /* PBXTargetDependency */,
			);
			name = "ig-cloneUITests";
			productName = "ig-cloneUITests";
			productReference = 83E847FA202737BF0023CE9B /* ig-cloneUITests.xctest */;
			productType = "com.apple.product-type.bundle.ui-testing";
		};
/* End PBXNativeTarget section */

/* Begin PBXProject section */
		83E847D3202737BF0023CE9B /* Project object */ = {
			isa = PBXProject;
			attributes = {
				LastSwiftUpdateCheck = 0920;
				LastUpgradeCheck = 0920;
				ORGANIZATIONNAME = "Chris lin";
				TargetAttributes = {
					83E847DA202737BF0023CE9B = {
						CreatedOnToolsVersion = 9.2;
						ProvisioningStyle = Automatic;
					};
					83E847EE202737BF0023CE9B = {
						CreatedOnToolsVersion = 9.2;
						ProvisioningStyle = Automatic;
						TestTargetID = 83E847DA202737BF0023CE9B;
					};
					83E847F9202737BF0023CE9B = {
						CreatedOnToolsVersion = 9.2;
						ProvisioningStyle = Automatic;
						TestTargetID = 83E847DA202737BF0023CE9B;
					};
				};
			};
			buildConfigurationList = 83E847D6202737BF0023CE9B /* Build configuration list for PBXProject "ig-clone" */;
			compatibilityVersion = "Xcode 8.0";
			developmentRegion = en;
			hasScannedForEncodings = 0;
			knownRegions = (
				en,
				Base,
			);
			mainGroup = 83E847D2202737BF0023CE9B;
			productRefGroup = 83E847DC202737BF0023CE9B /* Products */;
			projectDirPath = "";
			projectRoot = "";
			targets = (
				83E847DA202737BF0023CE9B /* ig-clone */,
				83E847EE202737BF0023CE9B /* ig-cloneTests */,
				83E847F9202737BF0023CE9B /* ig-cloneUITests */,
			);
		};
/* End PBXProject section */

/* Begin PBXResourcesBuildPhase section */
		83E847D9202737BF0023CE9B /* Resources */ = {
			isa = PBXResourcesBuildPhase;
			buildActionMask = 2147483647;
			files = (
				836245EB2027409F003F6D70 /* GoogleService-Info.plist in Resources */,
				836245EC20275882003F6D70 /* LaunchScreen.storyboard in Resources */,
				83E847E6202737BF0023CE9B /* Assets.xcassets in Resources */,
				83E847E4202737BF0023CE9B /* Main.storyboard in Resources */,
			);
			runOnlyForDeploymentPostprocessing = 0;
		};
		83E847ED202737BF0023CE9B /* Resources */ = {
			isa = PBXResourcesBuildPhase;
			buildActionMask = 2147483647;
			files = (
			);
			runOnlyForDeploymentPostprocessing = 0;
		};
		83E847F8202737BF0023CE9B /* Resources */ = {
			isa = PBXResourcesBuildPhase;
			buildActionMask = 2147483647;
			files = (
			);
			runOnlyForDeploymentPostprocessing = 0;
		};
/* End PBXResourcesBuildPhase section */

/* Begin PBXShellScriptBuildPhase section */
		3AED278FABF0AFE6C16BCABB /* [CP] Copy Pods Resources */ = {
			isa = PBXShellScriptBuildPhase;
			buildActionMask = 2147483647;
			files = (
			);
			inputPaths = (
			);
			name = "[CP] Copy Pods Resources";
			outputPaths = (
			);
			runOnlyForDeploymentPostprocessing = 0;
			shellPath = /bin/sh;
			shellScript = "\"${SRCROOT}/Pods/Target Support Files/Pods-ig-clone/Pods-ig-clone-resources.sh\"\n";
			showEnvVarsInLog = 0;
		};
		47791BD47325121B7066DC4C /* [CP] Copy Pods Resources */ = {
			isa = PBXShellScriptBuildPhase;
			buildActionMask = 2147483647;
			files = (
			);
			inputPaths = (
			);
			name = "[CP] Copy Pods Resources";
			outputPaths = (
			);
			runOnlyForDeploymentPostprocessing = 0;
			shellPath = /bin/sh;
			shellScript = "\"${SRCROOT}/Pods/Target Support Files/Pods-ig-cloneTests/Pods-ig-cloneTests-resources.sh\"\n";
			showEnvVarsInLog = 0;
		};
		4F786E9EC8F33B99368EBFA8 /* [CP] Check Pods Manifest.lock */ = {
			isa = PBXShellScriptBuildPhase;
			buildActionMask = 2147483647;
			files = (
			);
			inputPaths = (
				"${PODS_PODFILE_DIR_PATH}/Podfile.lock",
				"${PODS_ROOT}/Manifest.lock",
			);
			name = "[CP] Check Pods Manifest.lock";
			outputPaths = (
				"$(DERIVED_FILE_DIR)/Pods-ig-cloneUITests-checkManifestLockResult.txt",
			);
			runOnlyForDeploymentPostprocessing = 0;
			shellPath = /bin/sh;
			shellScript = "diff \"${PODS_PODFILE_DIR_PATH}/Podfile.lock\" \"${PODS_ROOT}/Manifest.lock\" > /dev/null\nif [ $? != 0 ] ; then\n    # print error to STDERR\n    echo \"error: The sandbox is not in sync with the Podfile.lock. Run 'pod install' or update your CocoaPods installation.\" >&2\n    exit 1\nfi\n# This output is used by Xcode 'outputs' to avoid re-running this script phase.\necho \"SUCCESS\" > \"${SCRIPT_OUTPUT_FILE_0}\"\n";
			showEnvVarsInLog = 0;
		};
		58E0B225B0DA249E4EDD0B42 /* [CP] Copy Pods Resources */ = {
			isa = PBXShellScriptBuildPhase;
			buildActionMask = 2147483647;
			files = (
			);
			inputPaths = (
			);
			name = "[CP] Copy Pods Resources";
			outputPaths = (
			);
			runOnlyForDeploymentPostprocessing = 0;
			shellPath = /bin/sh;
			shellScript = "\"${SRCROOT}/Pods/Target Support Files/Pods-ig-cloneUITests/Pods-ig-cloneUITests-resources.sh\"\n";
			showEnvVarsInLog = 0;
		};
		C24DD0F3C229E7FCE68C9C63 /* [CP] Embed Pods Frameworks */ = {
			isa = PBXShellScriptBuildPhase;
			buildActionMask = 2147483647;
			files = (
			);
			inputPaths = (
				"${SRCROOT}/Pods/Target Support Files/Pods-ig-clone/Pods-ig-clone-frameworks.sh",
				"${BUILT_PRODUCTS_DIR}/GTMSessionFetcher/GTMSessionFetcher.framework",
				"${BUILT_PRODUCTS_DIR}/GoogleToolboxForMac/GoogleToolboxForMac.framework",
				"${BUILT_PRODUCTS_DIR}/leveldb-library/leveldb.framework",
				"${BUILT_PRODUCTS_DIR}/nanopb/nanopb.framework",
			);
			name = "[CP] Embed Pods Frameworks";
			outputPaths = (
				"${TARGET_BUILD_DIR}/${FRAMEWORKS_FOLDER_PATH}/GTMSessionFetcher.framework",
				"${TARGET_BUILD_DIR}/${FRAMEWORKS_FOLDER_PATH}/GoogleToolboxForMac.framework",
				"${TARGET_BUILD_DIR}/${FRAMEWORKS_FOLDER_PATH}/leveldb.framework",
				"${TARGET_BUILD_DIR}/${FRAMEWORKS_FOLDER_PATH}/nanopb.framework",
			);
			runOnlyForDeploymentPostprocessing = 0;
			shellPath = /bin/sh;
			shellScript = "\"${SRCROOT}/Pods/Target Support Files/Pods-ig-clone/Pods-ig-clone-frameworks.sh\"\n";
			showEnvVarsInLog = 0;
		};
		CD2D74342564F33728CFCBFC /* [CP] Check Pods Manifest.lock */ = {
			isa = PBXShellScriptBuildPhase;
			buildActionMask = 2147483647;
			files = (
			);
			inputPaths = (
				"${PODS_PODFILE_DIR_PATH}/Podfile.lock",
				"${PODS_ROOT}/Manifest.lock",
			);
			name = "[CP] Check Pods Manifest.lock";
			outputPaths = (
				"$(DERIVED_FILE_DIR)/Pods-ig-clone-checkManifestLockResult.txt",
			);
			runOnlyForDeploymentPostprocessing = 0;
			shellPath = /bin/sh;
			shellScript = "diff \"${PODS_PODFILE_DIR_PATH}/Podfile.lock\" \"${PODS_ROOT}/Manifest.lock\" > /dev/null\nif [ $? != 0 ] ; then\n    # print error to STDERR\n    echo \"error: The sandbox is not in sync with the Podfile.lock. Run 'pod install' or update your CocoaPods installation.\" >&2\n    exit 1\nfi\n# This output is used by Xcode 'outputs' to avoid re-running this script phase.\necho \"SUCCESS\" > \"${SCRIPT_OUTPUT_FILE_0}\"\n";
			showEnvVarsInLog = 0;
		};
		CE87C7375C98700C4D5A0FDB /* [CP] Embed Pods Frameworks */ = {
			isa = PBXShellScriptBuildPhase;
			buildActionMask = 2147483647;
			files = (
			);
			inputPaths = (
			);
			name = "[CP] Embed Pods Frameworks";
			outputPaths = (
			);
			runOnlyForDeploymentPostprocessing = 0;
			shellPath = /bin/sh;
			shellScript = "\"${SRCROOT}/Pods/Target Support Files/Pods-ig-cloneTests/Pods-ig-cloneTests-frameworks.sh\"\n";
			showEnvVarsInLog = 0;
		};
		EA48906F41B6F891916F6FC8 /* [CP] Embed Pods Frameworks */ = {
			isa = PBXShellScriptBuildPhase;
			buildActionMask = 2147483647;
			files = (
			);
			inputPaths = (
			);
			name = "[CP] Embed Pods Frameworks";
			outputPaths = (
			);
			runOnlyForDeploymentPostprocessing = 0;
			shellPath = /bin/sh;
			shellScript = "\"${SRCROOT}/Pods/Target Support Files/Pods-ig-cloneUITests/Pods-ig-cloneUITests-frameworks.sh\"\n";
			showEnvVarsInLog = 0;
		};
		F59A769900C4CBF84D5307D1 /* [CP] Check Pods Manifest.lock */ = {
			isa = PBXShellScriptBuildPhase;
			buildActionMask = 2147483647;
			files = (
			);
			inputPaths = (
				"${PODS_PODFILE_DIR_PATH}/Podfile.lock",
				"${PODS_ROOT}/Manifest.lock",
			);
			name = "[CP] Check Pods Manifest.lock";
			outputPaths = (
				"$(DERIVED_FILE_DIR)/Pods-ig-cloneTests-checkManifestLockResult.txt",
			);
			runOnlyForDeploymentPostprocessing = 0;
			shellPath = /bin/sh;
			shellScript = "diff \"${PODS_PODFILE_DIR_PATH}/Podfile.lock\" \"${PODS_ROOT}/Manifest.lock\" > /dev/null\nif [ $? != 0 ] ; then\n    # print error to STDERR\n    echo \"error: The sandbox is not in sync with the Podfile.lock. Run 'pod install' or update your CocoaPods installation.\" >&2\n    exit 1\nfi\n# This output is used by Xcode 'outputs' to avoid re-running this script phase.\necho \"SUCCESS\" > \"${SCRIPT_OUTPUT_FILE_0}\"\n";
			showEnvVarsInLog = 0;
		};
/* End PBXShellScriptBuildPhase section */

/* Begin PBXSourcesBuildPhase section */
		83E847D7202737BF0023CE9B /* Sources */ = {
			isa = PBXSourcesBuildPhase;
			buildActionMask = 2147483647;
			files = (
				83B204402027822300D294EA /* SignUpViewController.swift in Sources */,
				83E847E1202737BF0023CE9B /* ViewController.swift in Sources */,
				83B204442027E15200D294EA /* ProfileViewController.swift in Sources */,
				83E847DF202737BF0023CE9B /* AppDelegate.swift in Sources */,
				83B204422027D16000D294EA /* HomeViewController.swift in Sources */,
			);
			runOnlyForDeploymentPostprocessing = 0;
		};
		83E847EB202737BF0023CE9B /* Sources */ = {
			isa = PBXSourcesBuildPhase;
			buildActionMask = 2147483647;
			files = (
				83E847F4202737BF0023CE9B /* ig_cloneTests.swift in Sources */,
			);
			runOnlyForDeploymentPostprocessing = 0;
		};
		83E847F6202737BF0023CE9B /* Sources */ = {
			isa = PBXSourcesBuildPhase;
			buildActionMask = 2147483647;
			files = (
				83E847FF202737BF0023CE9B /* ig_cloneUITests.swift in Sources */,
			);
			runOnlyForDeploymentPostprocessing = 0;
		};
/* End PBXSourcesBuildPhase section */

/* Begin PBXTargetDependency section */
		83E847F1202737BF0023CE9B /* PBXTargetDependency */ = {
			isa = PBXTargetDependency;
			target = 83E847DA202737BF0023CE9B /* ig-clone */;
			targetProxy = 83E847F0202737BF0023CE9B /* PBXContainerItemProxy */;
		};
		83E847FC202737BF0023CE9B /* PBXTargetDependency */ = {
			isa = PBXTargetDependency;
			target = 83E847DA202737BF0023CE9B /* ig-clone */;
			targetProxy = 83E847FB202737BF0023CE9B /* PBXContainerItemProxy */;
		};
/* End PBXTargetDependency section */

/* Begin PBXVariantGroup section */
		83E847E2202737BF0023CE9B /* Main.storyboard */ = {
			isa = PBXVariantGroup;
			children = (
				83E847E3202737BF0023CE9B /* Base */,
			);
			name = Main.storyboard;
			sourceTree = "<group>";
		};
		83E847E7202737BF0023CE9B /* LaunchScreen.storyboard */ = {
			isa = PBXVariantGroup;
			children = (
				83E847E8202737BF0023CE9B /* Base */,
			);
			name = LaunchScreen.storyboard;
			sourceTree = "<group>";
		};
/* End PBXVariantGroup section */

/* Begin XCBuildConfiguration section */
		83E84801202737BF0023CE9B /* Debug */ = {
			isa = XCBuildConfiguration;
			buildSettings = {
				ALWAYS_SEARCH_USER_PATHS = NO;
				CLANG_ANALYZER_NONNULL = YES;
				CLANG_ANALYZER_NUMBER_OBJECT_CONVERSION = YES_AGGRESSIVE;
				CLANG_CXX_LANGUAGE_STANDARD = "gnu++14";
				CLANG_CXX_LIBRARY = "libc++";
				CLANG_ENABLE_MODULES = YES;
				CLANG_ENABLE_OBJC_ARC = YES;
				CLANG_WARN_BLOCK_CAPTURE_AUTORELEASING = YES;
				CLANG_WARN_BOOL_CONVERSION = YES;
				CLANG_WARN_COMMA = YES;
				CLANG_WARN_CONSTANT_CONVERSION = YES;
				CLANG_WARN_DIRECT_OBJC_ISA_USAGE = YES_ERROR;
				CLANG_WARN_DOCUMENTATION_COMMENTS = YES;
				CLANG_WARN_EMPTY_BODY = YES;
				CLANG_WARN_ENUM_CONVERSION = YES;
				CLANG_WARN_INFINITE_RECURSION = YES;
				CLANG_WARN_INT_CONVERSION = YES;
				CLANG_WARN_NON_LITERAL_NULL_CONVERSION = YES;
				CLANG_WARN_OBJC_LITERAL_CONVERSION = YES;
				CLANG_WARN_OBJC_ROOT_CLASS = YES_ERROR;
				CLANG_WARN_RANGE_LOOP_ANALYSIS = YES;
				CLANG_WARN_STRICT_PROTOTYPES = YES;
				CLANG_WARN_SUSPICIOUS_MOVE = YES;
				CLANG_WARN_UNGUARDED_AVAILABILITY = YES_AGGRESSIVE;
				CLANG_WARN_UNREACHABLE_CODE = YES;
				CLANG_WARN__DUPLICATE_METHOD_MATCH = YES;
				CODE_SIGN_IDENTITY = "iPhone Developer";
				COPY_PHASE_STRIP = NO;
				DEBUG_INFORMATION_FORMAT = dwarf;
				ENABLE_STRICT_OBJC_MSGSEND = YES;
				ENABLE_TESTABILITY = YES;
				GCC_C_LANGUAGE_STANDARD = gnu11;
				GCC_DYNAMIC_NO_PIC = NO;
				GCC_NO_COMMON_BLOCKS = YES;
				GCC_OPTIMIZATION_LEVEL = 0;
				GCC_PREPROCESSOR_DEFINITIONS = (
					"DEBUG=1",
					"$(inherited)",
				);
				GCC_WARN_64_TO_32_BIT_CONVERSION = YES;
				GCC_WARN_ABOUT_RETURN_TYPE = YES_ERROR;
				GCC_WARN_UNDECLARED_SELECTOR = YES;
				GCC_WARN_UNINITIALIZED_AUTOS = YES_AGGRESSIVE;
				GCC_WARN_UNUSED_FUNCTION = YES;
				GCC_WARN_UNUSED_VARIABLE = YES;
				IPHONEOS_DEPLOYMENT_TARGET = 11.2;
				MTL_ENABLE_DEBUG_INFO = YES;
				ONLY_ACTIVE_ARCH = YES;
				SDKROOT = iphoneos;
				SWIFT_ACTIVE_COMPILATION_CONDITIONS = DEBUG;
				SWIFT_OPTIMIZATION_LEVEL = "-Onone";
			};
			name = Debug;
		};
		83E84802202737BF0023CE9B /* Release */ = {
			isa = XCBuildConfiguration;
			buildSettings = {
				ALWAYS_SEARCH_USER_PATHS = NO;
				CLANG_ANALYZER_NONNULL = YES;
				CLANG_ANALYZER_NUMBER_OBJECT_CONVERSION = YES_AGGRESSIVE;
				CLANG_CXX_LANGUAGE_STANDARD = "gnu++14";
				CLANG_CXX_LIBRARY = "libc++";
				CLANG_ENABLE_MODULES = YES;
				CLANG_ENABLE_OBJC_ARC = YES;
				CLANG_WARN_BLOCK_CAPTURE_AUTORELEASING = YES;
				CLANG_WARN_BOOL_CONVERSION = YES;
				CLANG_WARN_COMMA = YES;
				CLANG_WARN_CONSTANT_CONVERSION = YES;
				CLANG_WARN_DIRECT_OBJC_ISA_USAGE = YES_ERROR;
				CLANG_WARN_DOCUMENTATION_COMMENTS = YES;
				CLANG_WARN_EMPTY_BODY = YES;
				CLANG_WARN_ENUM_CONVERSION = YES;
				CLANG_WARN_INFINITE_RECURSION = YES;
				CLANG_WARN_INT_CONVERSION = YES;
				CLANG_WARN_NON_LITERAL_NULL_CONVERSION = YES;
				CLANG_WARN_OBJC_LITERAL_CONVERSION = YES;
				CLANG_WARN_OBJC_ROOT_CLASS = YES_ERROR;
				CLANG_WARN_RANGE_LOOP_ANALYSIS = YES;
				CLANG_WARN_STRICT_PROTOTYPES = YES;
				CLANG_WARN_SUSPICIOUS_MOVE = YES;
				CLANG_WARN_UNGUARDED_AVAILABILITY = YES_AGGRESSIVE;
				CLANG_WARN_UNREACHABLE_CODE = YES;
				CLANG_WARN__DUPLICATE_METHOD_MATCH = YES;
				CODE_SIGN_IDENTITY = "iPhone Developer";
				COPY_PHASE_STRIP = NO;
				DEBUG_INFORMATION_FORMAT = "dwarf-with-dsym";
				ENABLE_NS_ASSERTIONS = NO;
				ENABLE_STRICT_OBJC_MSGSEND = YES;
				GCC_C_LANGUAGE_STANDARD = gnu11;
				GCC_NO_COMMON_BLOCKS = YES;
				GCC_WARN_64_TO_32_BIT_CONVERSION = YES;
				GCC_WARN_ABOUT_RETURN_TYPE = YES_ERROR;
				GCC_WARN_UNDECLARED_SELECTOR = YES;
				GCC_WARN_UNINITIALIZED_AUTOS = YES_AGGRESSIVE;
				GCC_WARN_UNUSED_FUNCTION = YES;
				GCC_WARN_UNUSED_VARIABLE = YES;
				IPHONEOS_DEPLOYMENT_TARGET = 11.2;
				MTL_ENABLE_DEBUG_INFO = NO;
				SDKROOT = iphoneos;
				SWIFT_OPTIMIZATION_LEVEL = "-Owholemodule";
				VALIDATE_PRODUCT = YES;
			};
			name = Release;
		};
		83E84804202737BF0023CE9B /* Debug */ = {
			isa = XCBuildConfiguration;
			baseConfigurationReference = C88ED36E0872CB4D0BDC5ACC /* Pods-ig-clone.debug.xcconfig */;
			buildSettings = {
				ASSETCATALOG_COMPILER_APPICON_NAME = AppIcon;
				CODE_SIGN_STYLE = Automatic;
				INFOPLIST_FILE = "ig-clone/Info.plist";
				LD_RUNPATH_SEARCH_PATHS = "$(inherited) @executable_path/Frameworks";
				PRODUCT_BUNDLE_IDENTIFIER = "com.chris.ig-clone";
				PRODUCT_NAME = "$(TARGET_NAME)";
				SWIFT_VERSION = 4.0;
				TARGETED_DEVICE_FAMILY = "1,2";
			};
			name = Debug;
		};
		83E84805202737BF0023CE9B /* Release */ = {
			isa = XCBuildConfiguration;
			baseConfigurationReference = 0543EE8627BF375EBEEE360C /* Pods-ig-clone.release.xcconfig */;
			buildSettings = {
				ASSETCATALOG_COMPILER_APPICON_NAME = AppIcon;
				CODE_SIGN_STYLE = Automatic;
				INFOPLIST_FILE = "ig-clone/Info.plist";
				LD_RUNPATH_SEARCH_PATHS = "$(inherited) @executable_path/Frameworks";
				PRODUCT_BUNDLE_IDENTIFIER = "com.chris.ig-clone";
				PRODUCT_NAME = "$(TARGET_NAME)";
				SWIFT_VERSION = 4.0;
				TARGETED_DEVICE_FAMILY = "1,2";
			};
			name = Release;
		};
		83E84807202737BF0023CE9B /* Debug */ = {
			isa = XCBuildConfiguration;
			baseConfigurationReference = 826C885BC7B96EE106F0A60E /* Pods-ig-cloneTests.debug.xcconfig */;
			buildSettings = {
				ALWAYS_EMBED_SWIFT_STANDARD_LIBRARIES = YES;
				BUNDLE_LOADER = "$(TEST_HOST)";
				CODE_SIGN_STYLE = Automatic;
				INFOPLIST_FILE = "ig-cloneTests/Info.plist";
				LD_RUNPATH_SEARCH_PATHS = "$(inherited) @executable_path/Frameworks @loader_path/Frameworks";
				PRODUCT_BUNDLE_IDENTIFIER = "com.chris.ig-cloneTests";
				PRODUCT_NAME = "$(TARGET_NAME)";
				SWIFT_VERSION = 4.0;
				TARGETED_DEVICE_FAMILY = "1,2";
				TEST_HOST = "$(BUILT_PRODUCTS_DIR)/ig-clone.app/ig-clone";
			};
			name = Debug;
		};
		83E84808202737BF0023CE9B /* Release */ = {
			isa = XCBuildConfiguration;
			baseConfigurationReference = ECEABAD378441459FC0A932D /* Pods-ig-cloneTests.release.xcconfig */;
			buildSettings = {
				ALWAYS_EMBED_SWIFT_STANDARD_LIBRARIES = YES;
				BUNDLE_LOADER = "$(TEST_HOST)";
				CODE_SIGN_STYLE = Automatic;
				INFOPLIST_FILE = "ig-cloneTests/Info.plist";
				LD_RUNPATH_SEARCH_PATHS = "$(inherited) @executable_path/Frameworks @loader_path/Frameworks";
				PRODUCT_BUNDLE_IDENTIFIER = "com.chris.ig-cloneTests";
				PRODUCT_NAME = "$(TARGET_NAME)";
				SWIFT_VERSION = 4.0;
				TARGETED_DEVICE_FAMILY = "1,2";
				TEST_HOST = "$(BUILT_PRODUCTS_DIR)/ig-clone.app/ig-clone";
			};
			name = Release;
		};
		83E8480A202737BF0023CE9B /* Debug */ = {
			isa = XCBuildConfiguration;
			baseConfigurationReference = AF86FB70DDCB5EDACF648A5B /* Pods-ig-cloneUITests.debug.xcconfig */;
			buildSettings = {
				ALWAYS_EMBED_SWIFT_STANDARD_LIBRARIES = YES;
				CODE_SIGN_STYLE = Automatic;
				INFOPLIST_FILE = "ig-cloneUITests/Info.plist";
				LD_RUNPATH_SEARCH_PATHS = "$(inherited) @executable_path/Frameworks @loader_path/Frameworks";
				PRODUCT_BUNDLE_IDENTIFIER = "com.chris.ig-cloneUITests";
				PRODUCT_NAME = "$(TARGET_NAME)";
				SWIFT_VERSION = 4.0;
				TARGETED_DEVICE_FAMILY = "1,2";
				TEST_TARGET_NAME = "ig-clone";
			};
			name = Debug;
		};
		83E8480B202737BF0023CE9B /* Release */ = {
			isa = XCBuildConfiguration;
			baseConfigurationReference = 2BECC934938CDF1FCF291A2E /* Pods-ig-cloneUITests.release.xcconfig */;
			buildSettings = {
				ALWAYS_EMBED_SWIFT_STANDARD_LIBRARIES = YES;
				CODE_SIGN_STYLE = Automatic;
				INFOPLIST_FILE = "ig-cloneUITests/Info.plist";
				LD_RUNPATH_SEARCH_PATHS = "$(inherited) @executable_path/Frameworks @loader_path/Frameworks";
				PRODUCT_BUNDLE_IDENTIFIER = "com.chris.ig-cloneUITests";
				PRODUCT_NAME = "$(TARGET_NAME)";
				SWIFT_VERSION = 4.0;
				TARGETED_DEVICE_FAMILY = "1,2";
				TEST_TARGET_NAME = "ig-clone";
			};
			name = Release;
		};
/* End XCBuildConfiguration section */

/* Begin XCConfigurationList section */
		83E847D6202737BF0023CE9B /* Build configuration list for PBXProject "ig-clone" */ = {
			isa = XCConfigurationList;
			buildConfigurations = (
				83E84801202737BF0023CE9B /* Debug */,
				83E84802202737BF0023CE9B /* Release */,
			);
			defaultConfigurationIsVisible = 0;
			defaultConfigurationName = Release;
		};
		83E84803202737BF0023CE9B /* Build configuration list for PBXNativeTarget "ig-clone" */ = {
			isa = XCConfigurationList;
			buildConfigurations = (
				83E84804202737BF0023CE9B /* Debug */,
				83E84805202737BF0023CE9B /* Release */,
			);
			defaultConfigurationIsVisible = 0;
			defaultConfigurationName = Release;
		};
		83E84806202737BF0023CE9B /* Build configuration list for PBXNativeTarget "ig-cloneTests" */ = {
			isa = XCConfigurationList;
			buildConfigurations = (
				83E84807202737BF0023CE9B /* Debug */,
				83E84808202737BF0023CE9B /* Release */,
			);
			defaultConfigurationIsVisible = 0;
			defaultConfigurationName = Release;
		};
		83E84809202737BF0023CE9B /* Build configuration list for PBXNativeTarget "ig-cloneUITests" */ = {
			isa = XCConfigurationList;
			buildConfigurations = (
				83E8480A202737BF0023CE9B /* Debug */,
				83E8480B202737BF0023CE9B /* Release */,
			);
			defaultConfigurationIsVisible = 0;
			defaultConfigurationName = Release;
		};
/* End XCConfigurationList section */
	};
	rootObject = 83E847D3202737BF0023CE9B /* Project object */;
}
